
Microsoft Visual Studio Solution File, Format Version 12.00
# Visual Studio Version 17
VisualStudioVersion = 17.3.32929.385
MinimumVisualStudioVersion = 10.0.40219.1
Project("{FAE04EC0-301F-11D3-BF4B-00C04F79EFBC}") = "Module12", "Module12.csproj", "{FBCDAA63-F046-4F39-9756-3B21D3A1FD64}"
EndProject
Global
	GlobalSection(SolutionConfigurationPlatforms) = preSolution
		Debug|Any CPU = Debug|Any CPU
		Release|Any CPU = Release|Any CPU
	EndGlobalSection
	GlobalSection(ProjectConfigurationPlatforms) = postSolution
		{FBCDAA63-F046-4F39-9756-3B21D3A1FD64}.Debug|Any CPU.ActiveCfg = Debug|Any CPU
		{FBCDAA63-F046-4F39-9756-3B21D3A1FD64}.Debug|Any CPU.Build.0 = Debug|Any CPU
		{FBCDAA63-F046-4F39-9756-3B21D3A1FD64}.Release|Any CPU.ActiveCfg = Release|Any CPU
		{FBCDAA63-F046-4F39-9756-3B21D3A1FD64}.Release|Any CPU.Build.0 = Release|Any CPU
	EndGlobalSection
	GlobalSection(SolutionProperties) = preSolution
		HideSolutionNode = FALSE
	EndGlobalSection
	GlobalSection(ExtensibilityGlobals) = postSolution
		SolutionGuid = {342159AF-1FE1-47DB-889D-3675BAC39707}
	EndGlobalSection
EndGlobal
